
Microsoft Visual Studio Solution File, Format Version 12.00
# Visual Studio 2013
VisualStudioVersion = 12.0.30723.0
MinimumVisualStudioVersion = 10.0.40219.1
Project("{2150E333-8FDC-42A3-9474-1A3956D46DE8}") = "SolutionFiles", "SolutionFiles", "{1DAD0ED8-7F96-4299-BEBB-04F3C25BFC76}"
	ProjectSection(SolutionItems) = preProject
		Settings.StyleCop = Settings.StyleCop
		Xbehave.Samples.ruleset = Xbehave.Samples.ruleset
	EndProjectSection
EndProject
Project("{2150E333-8FDC-42A3-9474-1A3956D46DE8}") = ".nuget", ".nuget", "{BBC5886B-9456-470B-836F-722154863920}"
	ProjectSection(SolutionItems) = preProject
		.nuget\packages.config = .nuget\packages.config
	EndProjectSection
EndProject
Project("{FAE04EC0-301F-11D3-BF4B-00C04F79EFBC}") = "Xbehave.Samples.Net45", "Xbehave.Samples.Net45\Xbehave.Samples.Net45.csproj", "{318A83C1-F734-4612-A04F-9BE0D26657BF}"
EndProject
Project("{F2A71F9B-5D33-465A-A702-920D77279786}") = "Xbehave.Samples.FSharp.Net45", "Xbehave.Samples.FSharp.Net45\Xbehave.Samples.FSharp.Net45.fsproj", "{410529E9-B417-44D0-A48E-B3009E16783E}"
EndProject
Project("{FAE04EC0-301F-11D3-BF4B-00C04F79EFBC}") = "Xbehave.Samples.win81", "Xbehave.Samples.win81\Xbehave.Samples.win81.csproj", "{83807D9E-B620-483E-AA25-8711EACA3440}"
EndProject
Project("{FAE04EC0-301F-11D3-BF4B-00C04F79EFBC}") = "Xbehave.Samples.universal", "Xbehave.Samples.universal\Xbehave.Samples.universal.csproj", "{CE3B1C63-EA51-4195-95DF-912B20E1AA33}"
EndProject
Project("{FAE04EC0-301F-11D3-BF4B-00C04F79EFBC}") = "Xbehave.Samples.wp8", "Xbehave.Samples.wp8\Xbehave.Samples.wp8.csproj", "{C37BFD7A-F089-49A3-85B4-C09ACBD6CC8A}"
EndProject
Project("{FAE04EC0-301F-11D3-BF4B-00C04F79EFBC}") = "Xbehave.Samples.wpa81", "Xbehave.Samples.wpa81\Xbehave.Samples.wpa81.csproj", "{ED1B7177-62BB-44A8-BD0A-520618575DAC}"
EndProject
Global
	GlobalSection(SolutionConfigurationPlatforms) = preSolution
		Debug|Any CPU = Debug|Any CPU
		Debug|ARM = Debug|ARM
		Debug|x64 = Debug|x64
		Debug|x86 = Debug|x86
		Release|Any CPU = Release|Any CPU
		Release|ARM = Release|ARM
		Release|x64 = Release|x64
		Release|x86 = Release|x86
	EndGlobalSection
	GlobalSection(ProjectConfigurationPlatforms) = postSolution
		{318A83C1-F734-4612-A04F-9BE0D26657BF}.Debug|Any CPU.ActiveCfg = Debug|Any CPU
		{318A83C1-F734-4612-A04F-9BE0D26657BF}.Debug|Any CPU.Build.0 = Debug|Any CPU
		{318A83C1-F734-4612-A04F-9BE0D26657BF}.Debug|ARM.ActiveCfg = Debug|Any CPU
		{318A83C1-F734-4612-A04F-9BE0D26657BF}.Debug|x64.ActiveCfg = Debug|Any CPU
		{318A83C1-F734-4612-A04F-9BE0D26657BF}.Debug|x86.ActiveCfg = Debug|Any CPU
		{318A83C1-F734-4612-A04F-9BE0D26657BF}.Release|Any CPU.ActiveCfg = Release|Any CPU
		{318A83C1-F734-4612-A04F-9BE0D26657BF}.Release|Any CPU.Build.0 = Release|Any CPU
		{318A83C1-F734-4612-A04F-9BE0D26657BF}.Release|ARM.ActiveCfg = Release|Any CPU
		{318A83C1-F734-4612-A04F-9BE0D26657BF}.Release|x64.ActiveCfg = Release|Any CPU
		{318A83C1-F734-4612-A04F-9BE0D26657BF}.Release|x86.ActiveCfg = Release|Any CPU
		{410529E9-B417-44D0-A48E-B3009E16783E}.Debug|Any CPU.ActiveCfg = Debug|Any CPU
		{410529E9-B417-44D0-A48E-B3009E16783E}.Debug|Any CPU.Build.0 = Debug|Any CPU
		{410529E9-B417-44D0-A48E-B3009E16783E}.Debug|ARM.ActiveCfg = Debug|Any CPU
		{410529E9-B417-44D0-A48E-B3009E16783E}.Debug|x64.ActiveCfg = Debug|Any CPU
		{410529E9-B417-44D0-A48E-B3009E16783E}.Debug|x86.ActiveCfg = Debug|Any CPU
		{410529E9-B417-44D0-A48E-B3009E16783E}.Release|Any CPU.ActiveCfg = Release|Any CPU
		{410529E9-B417-44D0-A48E-B3009E16783E}.Release|Any CPU.Build.0 = Release|Any CPU
		{410529E9-B417-44D0-A48E-B3009E16783E}.Release|ARM.ActiveCfg = Release|Any CPU
		{410529E9-B417-44D0-A48E-B3009E16783E}.Release|x64.ActiveCfg = Release|Any CPU
		{410529E9-B417-44D0-A48E-B3009E16783E}.Release|x86.ActiveCfg = Release|Any CPU
		{83807D9E-B620-483E-AA25-8711EACA3440}.Debug|Any CPU.ActiveCfg = Debug|Any CPU
		{83807D9E-B620-483E-AA25-8711EACA3440}.Debug|Any CPU.Build.0 = Debug|Any CPU
		{83807D9E-B620-483E-AA25-8711EACA3440}.Debug|ARM.ActiveCfg = Debug|Any CPU
		{83807D9E-B620-483E-AA25-8711EACA3440}.Debug|x64.ActiveCfg = Debug|Any CPU
		{83807D9E-B620-483E-AA25-8711EACA3440}.Debug|x86.ActiveCfg = Debug|Any CPU
		{83807D9E-B620-483E-AA25-8711EACA3440}.Release|Any CPU.ActiveCfg = Release|Any CPU
		{83807D9E-B620-483E-AA25-8711EACA3440}.Release|Any CPU.Build.0 = Release|Any CPU
		{83807D9E-B620-483E-AA25-8711EACA3440}.Release|ARM.ActiveCfg = Release|Any CPU
		{83807D9E-B620-483E-AA25-8711EACA3440}.Release|x64.ActiveCfg = Release|Any CPU
		{83807D9E-B620-483E-AA25-8711EACA3440}.Release|x86.ActiveCfg = Release|Any CPU
		{CE3B1C63-EA51-4195-95DF-912B20E1AA33}.Debug|Any CPU.ActiveCfg = Debug|Any CPU
		{CE3B1C63-EA51-4195-95DF-912B20E1AA33}.Debug|Any CPU.Build.0 = Debug|Any CPU
		{CE3B1C63-EA51-4195-95DF-912B20E1AA33}.Debug|ARM.ActiveCfg = Debug|Any CPU
		{CE3B1C63-EA51-4195-95DF-912B20E1AA33}.Debug|x64.ActiveCfg = Debug|Any CPU
		{CE3B1C63-EA51-4195-95DF-912B20E1AA33}.Debug|x86.ActiveCfg = Debug|Any CPU
		{CE3B1C63-EA51-4195-95DF-912B20E1AA33}.Release|Any CPU.ActiveCfg = Release|Any CPU
		{CE3B1C63-EA51-4195-95DF-912B20E1AA33}.Release|Any CPU.Build.0 = Release|Any CPU
		{CE3B1C63-EA51-4195-95DF-912B20E1AA33}.Release|ARM.ActiveCfg = Release|Any CPU
		{CE3B1C63-EA51-4195-95DF-912B20E1AA33}.Release|x64.ActiveCfg = Release|Any CPU
		{CE3B1C63-EA51-4195-95DF-912B20E1AA33}.Release|x86.ActiveCfg = Release|Any CPU
		{C37BFD7A-F089-49A3-85B4-C09ACBD6CC8A}.Debug|Any CPU.ActiveCfg = Debug|Any CPU
		{C37BFD7A-F089-49A3-85B4-C09ACBD6CC8A}.Debug|Any CPU.Build.0 = Debug|Any CPU
		{C37BFD7A-F089-49A3-85B4-C09ACBD6CC8A}.Debug|ARM.ActiveCfg = Debug|ARM
		{C37BFD7A-F089-49A3-85B4-C09ACBD6CC8A}.Debug|ARM.Build.0 = Debug|ARM
		{C37BFD7A-F089-49A3-85B4-C09ACBD6CC8A}.Debug|x64.ActiveCfg = Debug|Any CPU
		{C37BFD7A-F089-49A3-85B4-C09ACBD6CC8A}.Debug|x86.ActiveCfg = Debug|x86
		{C37BFD7A-F089-49A3-85B4-C09ACBD6CC8A}.Debug|x86.Build.0 = Debug|x86
		{C37BFD7A-F089-49A3-85B4-C09ACBD6CC8A}.Release|Any CPU.ActiveCfg = Release|Any CPU
		{C37BFD7A-F089-49A3-85B4-C09ACBD6CC8A}.Release|Any CPU.Build.0 = Release|Any CPU
		{C37BFD7A-F089-49A3-85B4-C09ACBD6CC8A}.Release|ARM.ActiveCfg = Release|ARM
		{C37BFD7A-F089-49A3-85B4-C09ACBD6CC8A}.Release|ARM.Build.0 = Release|ARM
		{C37BFD7A-F089-49A3-85B4-C09ACBD6CC8A}.Release|x64.ActiveCfg = Release|Any CPU
		{C37BFD7A-F089-49A3-85B4-C09ACBD6CC8A}.Release|x86.ActiveCfg = Release|x86
		{C37BFD7A-F089-49A3-85B4-C09ACBD6CC8A}.Release|x86.Build.0 = Release|x86
		{ED1B7177-62BB-44A8-BD0A-520618575DAC}.Debug|Any CPU.ActiveCfg = Debug|Any CPU
		{ED1B7177-62BB-44A8-BD0A-520618575DAC}.Debug|Any CPU.Build.0 = Debug|Any CPU
		{ED1B7177-62BB-44A8-BD0A-520618575DAC}.Debug|ARM.ActiveCfg = Debug|ARM
		{ED1B7177-62BB-44A8-BD0A-520618575DAC}.Debug|ARM.Build.0 = Debug|ARM
		{ED1B7177-62BB-44A8-BD0A-520618575DAC}.Debug|x64.ActiveCfg = Debug|Any CPU
		{ED1B7177-62BB-44A8-BD0A-520618575DAC}.Debug|x86.ActiveCfg = Debug|x86
		{ED1B7177-62BB-44A8-BD0A-520618575DAC}.Debug|x86.Build.0 = Debug|x86
		{ED1B7177-62BB-44A8-BD0A-520618575DAC}.Release|Any CPU.ActiveCfg = Release|Any CPU
		{ED1B7177-62BB-44A8-BD0A-520618575DAC}.Release|Any CPU.Build.0 = Release|Any CPU
		{ED1B7177-62BB-44A8-BD0A-520618575DAC}.Release|ARM.ActiveCfg = Release|ARM
		{ED1B7177-62BB-44A8-BD0A-520618575DAC}.Release|ARM.Build.0 = Release|ARM
		{ED1B7177-62BB-44A8-BD0A-520618575DAC}.Release|x64.ActiveCfg = Release|Any CPU
		{ED1B7177-62BB-44A8-BD0A-520618575DAC}.Release|x86.ActiveCfg = Release|x86
		{ED1B7177-62BB-44A8-BD0A-520618575DAC}.Release|x86.Build.0 = Release|x86
	EndGlobalSection
	GlobalSection(SolutionProperties) = preSolution
		HideSolutionNode = FALSE
	EndGlobalSection
EndGlobal
