
Microsoft Visual Studio Solution File, Format Version 12.00
# Visual Studio 2013
VisualStudioVersion = 12.0.31101.0
MinimumVisualStudioVersion = 10.0.40219.1
Project("{2150E333-8FDC-42A3-9474-1A3956D46DE8}") = "SolutionFiles", "SolutionFiles", "{1DAD0ED8-7F96-4299-BEBB-04F3C25BFC76}"
	ProjectSection(SolutionItems) = preProject
		Settings.StyleCop = Settings.StyleCop
		Xbehave.Samples.ruleset = Xbehave.Samples.ruleset
	EndProjectSection
EndProject
Project("{2150E333-8FDC-42A3-9474-1A3956D46DE8}") = ".nuget", ".nuget", "{BBC5886B-9456-470B-836F-722154863920}"
	ProjectSection(SolutionItems) = preProject
		.nuget\packages.config = .nuget\packages.config
	EndProjectSection
EndProject
Project("{FAE04EC0-301F-11D3-BF4B-00C04F79EFBC}") = "Xbehave.Samples.Net45", "Xbehave.Samples.Net45\Xbehave.Samples.Net45.csproj", "{318A83C1-F734-4612-A04F-9BE0D26657BF}"
EndProject
Project("{F2A71F9B-5D33-465A-A702-920D77279786}") = "Xbehave.Samples.FSharp.Net45", "Xbehave.Samples.FSharp.Net45\Xbehave.Samples.FSharp.Net45.fsproj", "{410529E9-B417-44D0-A48E-B3009E16783E}"
EndProject
Global
	GlobalSection(SolutionConfigurationPlatforms) = preSolution
		Debug|Any CPU = Debug|Any CPU
		Release|Any CPU = Release|Any CPU
	EndGlobalSection
	GlobalSection(ProjectConfigurationPlatforms) = postSolution
		{318A83C1-F734-4612-A04F-9BE0D26657BF}.Debug|Any CPU.ActiveCfg = Debug|Any CPU
		{318A83C1-F734-4612-A04F-9BE0D26657BF}.Debug|Any CPU.Build.0 = Debug|Any CPU
		{318A83C1-F734-4612-A04F-9BE0D26657BF}.Release|Any CPU.ActiveCfg = Release|Any CPU
		{318A83C1-F734-4612-A04F-9BE0D26657BF}.Release|Any CPU.Build.0 = Release|Any CPU
		{410529E9-B417-44D0-A48E-B3009E16783E}.Debug|Any CPU.ActiveCfg = Debug|Any CPU
		{410529E9-B417-44D0-A48E-B3009E16783E}.Debug|Any CPU.Build.0 = Debug|Any CPU
		{410529E9-B417-44D0-A48E-B3009E16783E}.Release|Any CPU.ActiveCfg = Release|Any CPU
		{410529E9-B417-44D0-A48E-B3009E16783E}.Release|Any CPU.Build.0 = Release|Any CPU
	EndGlobalSection
	GlobalSection(SolutionProperties) = preSolution
		HideSolutionNode = FALSE
	EndGlobalSection
EndGlobal
